
Microsoft Visual Studio Solution File, Format Version 12.00
# Visual Studio Version 17
VisualStudioVersion = 17.4.33205.214
MinimumVisualStudioVersion = 10.0.40219.1
Project("{9A19103F-16F7-4668-BE54-9A1E7A4F7556}") = "RhymeTool.Server", "Server\RhymeTool.Server.csproj", "{3F48A01A-D945-4A32-B782-8755437EBF96}"
EndProject
Project("{9A19103F-16F7-4668-BE54-9A1E7A4F7556}") = "RhymeTool.Client", "Client\RhymeTool.Client.csproj", "{AD48566A-206F-4DF4-A2E1-E40788435DA7}"
EndProject
Project("{2150E333-8FDC-42A3-9474-1A3956D46DE8}") = "Common", "Common", "{E5D15BFB-63FB-4C5D-92A8-249F0325F37F}"
	ProjectSection(SolutionItems) = preProject
		.editorconfig = .editorconfig
		Common.targets = Common.targets
		Version.props = Version.props
	EndProjectSection
EndProject
Project("{9A19103F-16F7-4668-BE54-9A1E7A4F7556}") = "RhymeTool", "RhymeTool\RhymeTool.csproj", "{1A32AB1B-ACDE-4E37-883D-A3F3CF71DA24}"
EndProject
Project("{9A19103F-16F7-4668-BE54-9A1E7A4F7556}") = "RhymeTool.MauiBlazor", "App\RhymeTool.MauiBlazor.csproj", "{538103CD-B1D3-4202-8E82-83320A857D67}"
EndProject
Project("{9A19103F-16F7-4668-BE54-9A1E7A4F7556}") = "RhymeTool.Client.Web", "ClientWeb\RhymeTool.Client.Web.csproj", "{A7BE72BF-BA82-4A49-A400-0A3788B17BFC}"
EndProject
Project("{2150E333-8FDC-42A3-9474-1A3956D46DE8}") = "Tools", "Tools", "{AA2122AB-DEA3-46F5-B647-FAE069B0C5B5}"
EndProject
Project("{FAE04EC0-301F-11D3-BF4B-00C04F79EFBC}") = "MediaWikiScraper", "Scrapers\MediaWikiScraper\MediaWikiScraper.csproj", "{08CC89D5-9D99-4CFC-8BFB-FABC68BA5F20}"
EndProject
Project("{2150E333-8FDC-42A3-9474-1A3956D46DE8}") = "Scrapers", "Scrapers", "{D0F206A6-B5F4-4F0E-A1B9-E3649613197A}"
EndProject
Project("{FAE04EC0-301F-11D3-BF4B-00C04F79EFBC}") = "DwdsScraper", "Scrapers\DwdsScraper\DwdsScraper.csproj", "{8E67A531-A0D8-4C6F-A99B-E4330EB7F119}"
EndProject
Project("{2150E333-8FDC-42A3-9474-1A3956D46DE8}") = "Libraries", "Libraries", "{C8EC39D7-80E0-4C74-AD83-0B61F2CD4326}"
EndProject
Project("{FAE04EC0-301F-11D3-BF4B-00C04F79EFBC}") = "ScraperBase", "Scrapers\ScraperBase\ScraperBase.csproj", "{6FFA894D-EE1C-4572-A127-EA3DF0BFBCBD}"
EndProject
Project("{FAE04EC0-301F-11D3-BF4B-00C04F79EFBC}") = "DudenScraper", "Scrapers\DudenScraper\DudenScraper.csproj", "{D5499DCF-B988-48E2-BB4E-94A00954C662}"
EndProject
Project("{FAE04EC0-301F-11D3-BF4B-00C04F79EFBC}") = "DawsScraper", "Scrapers\DawsScraper\DawsScraper.csproj", "{958082B0-0EBE-40A1-833C-83A740B0E157}"
EndProject
Project("{FAE04EC0-301F-11D3-BF4B-00C04F79EFBC}") = "CsvReader", "Scrapers\CsvReader\CsvReader.csproj", "{F96E9B45-D303-4379-81C8-B8209A9B27C0}"
EndProject
Project("{FAE04EC0-301F-11D3-BF4B-00C04F79EFBC}") = "Dictionaries", "Dictionaries\Dictionaries.csproj", "{AA0FB6D0-156A-4ABA-AC05-CDC51D3DA5FC}"
EndProject
Project("{2150E333-8FDC-42A3-9474-1A3956D46DE8}") = "Libraries", "Libraries", "{3AC62F89-8D8D-4EAD-A2FB-213F03BF8BD3}"
EndProject
Project("{FAE04EC0-301F-11D3-BF4B-00C04F79EFBC}") = "Konves.ChordPro", "..\Dependencies\Konves.ChordPro\src\Konves.ChordPro\Konves.ChordPro.csproj", "{6BDDADD4-470D-424F-9962-8BCC05C32A22}"
EndProject
Project("{FAE04EC0-301F-11D3-BF4B-00C04F79EFBC}") = "Konves.ChordPro.UnitTests", "..\Dependencies\Konves.ChordPro\tests\Konves.ChordPro.UnitTests\Konves.ChordPro.UnitTests.csproj", "{B3436019-15F5-4406-9B9D-65F57FFCDCA3}"
EndProject
Project("{FAE04EC0-301F-11D3-BF4B-00C04F79EFBC}") = "HunspellSharp", "..\Dependencies\HunspellSharp\HunspellSharp.csproj", "{9F4E1289-EE33-44F3-A837-BC721B13C14D}"
EndProject
Project("{FAE04EC0-301F-11D3-BF4B-00C04F79EFBC}") = "RhymeTool.Test", "Test\RhymeTool.Test.csproj", "{5089CF40-7EAE-41F0-98F4-227C9B5A6807}"
EndProject
Project("{FAE04EC0-301F-11D3-BF4B-00C04F79EFBC}") = "Compoetry.Maui", "App2\Compoetry.Maui.csproj", "{BB41AA43-B28F-4607-9977-155FDA7A27B3}"
EndProject
Global
	GlobalSection(SolutionConfigurationPlatforms) = preSolution
		Debug|Any CPU = Debug|Any CPU
		Release|Any CPU = Release|Any CPU
		Server Side|Any CPU = Server Side|Any CPU
	EndGlobalSection
	GlobalSection(ProjectConfigurationPlatforms) = postSolution
		{3F48A01A-D945-4A32-B782-8755437EBF96}.Debug|Any CPU.ActiveCfg = Debug|Any CPU
		{3F48A01A-D945-4A32-B782-8755437EBF96}.Debug|Any CPU.Build.0 = Debug|Any CPU
		{3F48A01A-D945-4A32-B782-8755437EBF96}.Release|Any CPU.ActiveCfg = Release|Any CPU
		{3F48A01A-D945-4A32-B782-8755437EBF96}.Release|Any CPU.Build.0 = Release|Any CPU
		{3F48A01A-D945-4A32-B782-8755437EBF96}.Server Side|Any CPU.ActiveCfg = Server Side|Any CPU
		{3F48A01A-D945-4A32-B782-8755437EBF96}.Server Side|Any CPU.Build.0 = Server Side|Any CPU
		{AD48566A-206F-4DF4-A2E1-E40788435DA7}.Debug|Any CPU.ActiveCfg = Debug|Any CPU
		{AD48566A-206F-4DF4-A2E1-E40788435DA7}.Debug|Any CPU.Build.0 = Debug|Any CPU
		{AD48566A-206F-4DF4-A2E1-E40788435DA7}.Release|Any CPU.ActiveCfg = Release|Any CPU
		{AD48566A-206F-4DF4-A2E1-E40788435DA7}.Release|Any CPU.Build.0 = Release|Any CPU
		{AD48566A-206F-4DF4-A2E1-E40788435DA7}.Server Side|Any CPU.ActiveCfg = Server Side|Any CPU
		{AD48566A-206F-4DF4-A2E1-E40788435DA7}.Server Side|Any CPU.Build.0 = Server Side|Any CPU
		{1A32AB1B-ACDE-4E37-883D-A3F3CF71DA24}.Debug|Any CPU.ActiveCfg = Debug|Any CPU
		{1A32AB1B-ACDE-4E37-883D-A3F3CF71DA24}.Debug|Any CPU.Build.0 = Debug|Any CPU
		{1A32AB1B-ACDE-4E37-883D-A3F3CF71DA24}.Release|Any CPU.ActiveCfg = Release|Any CPU
		{1A32AB1B-ACDE-4E37-883D-A3F3CF71DA24}.Release|Any CPU.Build.0 = Release|Any CPU
		{1A32AB1B-ACDE-4E37-883D-A3F3CF71DA24}.Server Side|Any CPU.ActiveCfg = Debug|Any CPU
		{1A32AB1B-ACDE-4E37-883D-A3F3CF71DA24}.Server Side|Any CPU.Build.0 = Debug|Any CPU
		{538103CD-B1D3-4202-8E82-83320A857D67}.Debug|Any CPU.ActiveCfg = Debug|Any CPU
		{538103CD-B1D3-4202-8E82-83320A857D67}.Debug|Any CPU.Build.0 = Debug|Any CPU
		{538103CD-B1D3-4202-8E82-83320A857D67}.Debug|Any CPU.Deploy.0 = Debug|Any CPU
		{538103CD-B1D3-4202-8E82-83320A857D67}.Release|Any CPU.ActiveCfg = Release|Any CPU
		{538103CD-B1D3-4202-8E82-83320A857D67}.Release|Any CPU.Build.0 = Release|Any CPU
		{538103CD-B1D3-4202-8E82-83320A857D67}.Release|Any CPU.Deploy.0 = Release|Any CPU
		{538103CD-B1D3-4202-8E82-83320A857D67}.Server Side|Any CPU.ActiveCfg = Debug|Any CPU
		{538103CD-B1D3-4202-8E82-83320A857D67}.Server Side|Any CPU.Build.0 = Debug|Any CPU
		{538103CD-B1D3-4202-8E82-83320A857D67}.Server Side|Any CPU.Deploy.0 = Debug|Any CPU
		{A7BE72BF-BA82-4A49-A400-0A3788B17BFC}.Debug|Any CPU.ActiveCfg = Debug|Any CPU
		{A7BE72BF-BA82-4A49-A400-0A3788B17BFC}.Debug|Any CPU.Build.0 = Debug|Any CPU
		{A7BE72BF-BA82-4A49-A400-0A3788B17BFC}.Release|Any CPU.ActiveCfg = Release|Any CPU
		{A7BE72BF-BA82-4A49-A400-0A3788B17BFC}.Release|Any CPU.Build.0 = Release|Any CPU
		{A7BE72BF-BA82-4A49-A400-0A3788B17BFC}.Server Side|Any CPU.ActiveCfg = Server Side|Any CPU
		{A7BE72BF-BA82-4A49-A400-0A3788B17BFC}.Server Side|Any CPU.Build.0 = Server Side|Any CPU
		{08CC89D5-9D99-4CFC-8BFB-FABC68BA5F20}.Debug|Any CPU.ActiveCfg = Debug|Any CPU
		{08CC89D5-9D99-4CFC-8BFB-FABC68BA5F20}.Debug|Any CPU.Build.0 = Debug|Any CPU
		{08CC89D5-9D99-4CFC-8BFB-FABC68BA5F20}.Release|Any CPU.ActiveCfg = Release|Any CPU
		{08CC89D5-9D99-4CFC-8BFB-FABC68BA5F20}.Release|Any CPU.Build.0 = Release|Any CPU
		{08CC89D5-9D99-4CFC-8BFB-FABC68BA5F20}.Server Side|Any CPU.ActiveCfg = Debug|Any CPU
		{08CC89D5-9D99-4CFC-8BFB-FABC68BA5F20}.Server Side|Any CPU.Build.0 = Debug|Any CPU
		{8E67A531-A0D8-4C6F-A99B-E4330EB7F119}.Debug|Any CPU.ActiveCfg = Debug|Any CPU
		{8E67A531-A0D8-4C6F-A99B-E4330EB7F119}.Debug|Any CPU.Build.0 = Debug|Any CPU
		{8E67A531-A0D8-4C6F-A99B-E4330EB7F119}.Release|Any CPU.ActiveCfg = Release|Any CPU
		{8E67A531-A0D8-4C6F-A99B-E4330EB7F119}.Release|Any CPU.Build.0 = Release|Any CPU
		{8E67A531-A0D8-4C6F-A99B-E4330EB7F119}.Server Side|Any CPU.ActiveCfg = Debug|Any CPU
		{8E67A531-A0D8-4C6F-A99B-E4330EB7F119}.Server Side|Any CPU.Build.0 = Debug|Any CPU
		{6FFA894D-EE1C-4572-A127-EA3DF0BFBCBD}.Debug|Any CPU.ActiveCfg = Debug|Any CPU
		{6FFA894D-EE1C-4572-A127-EA3DF0BFBCBD}.Debug|Any CPU.Build.0 = Debug|Any CPU
		{6FFA894D-EE1C-4572-A127-EA3DF0BFBCBD}.Release|Any CPU.ActiveCfg = Release|Any CPU
		{6FFA894D-EE1C-4572-A127-EA3DF0BFBCBD}.Release|Any CPU.Build.0 = Release|Any CPU
		{6FFA894D-EE1C-4572-A127-EA3DF0BFBCBD}.Server Side|Any CPU.ActiveCfg = Debug|Any CPU
		{6FFA894D-EE1C-4572-A127-EA3DF0BFBCBD}.Server Side|Any CPU.Build.0 = Debug|Any CPU
		{D5499DCF-B988-48E2-BB4E-94A00954C662}.Debug|Any CPU.ActiveCfg = Debug|Any CPU
		{D5499DCF-B988-48E2-BB4E-94A00954C662}.Debug|Any CPU.Build.0 = Debug|Any CPU
		{D5499DCF-B988-48E2-BB4E-94A00954C662}.Release|Any CPU.ActiveCfg = Release|Any CPU
		{D5499DCF-B988-48E2-BB4E-94A00954C662}.Release|Any CPU.Build.0 = Release|Any CPU
		{D5499DCF-B988-48E2-BB4E-94A00954C662}.Server Side|Any CPU.ActiveCfg = Debug|Any CPU
		{D5499DCF-B988-48E2-BB4E-94A00954C662}.Server Side|Any CPU.Build.0 = Debug|Any CPU
		{958082B0-0EBE-40A1-833C-83A740B0E157}.Debug|Any CPU.ActiveCfg = Debug|Any CPU
		{958082B0-0EBE-40A1-833C-83A740B0E157}.Debug|Any CPU.Build.0 = Debug|Any CPU
		{958082B0-0EBE-40A1-833C-83A740B0E157}.Release|Any CPU.ActiveCfg = Release|Any CPU
		{958082B0-0EBE-40A1-833C-83A740B0E157}.Release|Any CPU.Build.0 = Release|Any CPU
		{958082B0-0EBE-40A1-833C-83A740B0E157}.Server Side|Any CPU.ActiveCfg = Debug|Any CPU
		{958082B0-0EBE-40A1-833C-83A740B0E157}.Server Side|Any CPU.Build.0 = Debug|Any CPU
		{F96E9B45-D303-4379-81C8-B8209A9B27C0}.Debug|Any CPU.ActiveCfg = Debug|Any CPU
		{F96E9B45-D303-4379-81C8-B8209A9B27C0}.Debug|Any CPU.Build.0 = Debug|Any CPU
		{F96E9B45-D303-4379-81C8-B8209A9B27C0}.Release|Any CPU.ActiveCfg = Release|Any CPU
		{F96E9B45-D303-4379-81C8-B8209A9B27C0}.Release|Any CPU.Build.0 = Release|Any CPU
		{F96E9B45-D303-4379-81C8-B8209A9B27C0}.Server Side|Any CPU.ActiveCfg = Debug|Any CPU
		{F96E9B45-D303-4379-81C8-B8209A9B27C0}.Server Side|Any CPU.Build.0 = Debug|Any CPU
		{AA0FB6D0-156A-4ABA-AC05-CDC51D3DA5FC}.Debug|Any CPU.ActiveCfg = Debug|Any CPU
		{AA0FB6D0-156A-4ABA-AC05-CDC51D3DA5FC}.Debug|Any CPU.Build.0 = Debug|Any CPU
		{AA0FB6D0-156A-4ABA-AC05-CDC51D3DA5FC}.Release|Any CPU.ActiveCfg = Release|Any CPU
		{AA0FB6D0-156A-4ABA-AC05-CDC51D3DA5FC}.Release|Any CPU.Build.0 = Release|Any CPU
		{AA0FB6D0-156A-4ABA-AC05-CDC51D3DA5FC}.Server Side|Any CPU.ActiveCfg = Debug|Any CPU
		{AA0FB6D0-156A-4ABA-AC05-CDC51D3DA5FC}.Server Side|Any CPU.Build.0 = Debug|Any CPU
		{6BDDADD4-470D-424F-9962-8BCC05C32A22}.Debug|Any CPU.ActiveCfg = Debug|Any CPU
		{6BDDADD4-470D-424F-9962-8BCC05C32A22}.Debug|Any CPU.Build.0 = Debug|Any CPU
		{6BDDADD4-470D-424F-9962-8BCC05C32A22}.Release|Any CPU.ActiveCfg = Release|Any CPU
		{6BDDADD4-470D-424F-9962-8BCC05C32A22}.Release|Any CPU.Build.0 = Release|Any CPU
		{6BDDADD4-470D-424F-9962-8BCC05C32A22}.Server Side|Any CPU.ActiveCfg = Debug|Any CPU
		{6BDDADD4-470D-424F-9962-8BCC05C32A22}.Server Side|Any CPU.Build.0 = Debug|Any CPU
		{B3436019-15F5-4406-9B9D-65F57FFCDCA3}.Debug|Any CPU.ActiveCfg = Debug|Any CPU
		{B3436019-15F5-4406-9B9D-65F57FFCDCA3}.Debug|Any CPU.Build.0 = Debug|Any CPU
		{B3436019-15F5-4406-9B9D-65F57FFCDCA3}.Release|Any CPU.ActiveCfg = Release|Any CPU
		{B3436019-15F5-4406-9B9D-65F57FFCDCA3}.Release|Any CPU.Build.0 = Release|Any CPU
		{B3436019-15F5-4406-9B9D-65F57FFCDCA3}.Server Side|Any CPU.ActiveCfg = Debug|Any CPU
		{B3436019-15F5-4406-9B9D-65F57FFCDCA3}.Server Side|Any CPU.Build.0 = Debug|Any CPU
		{9F4E1289-EE33-44F3-A837-BC721B13C14D}.Debug|Any CPU.ActiveCfg = Debug|Any CPU
		{9F4E1289-EE33-44F3-A837-BC721B13C14D}.Debug|Any CPU.Build.0 = Debug|Any CPU
		{9F4E1289-EE33-44F3-A837-BC721B13C14D}.Release|Any CPU.ActiveCfg = Release|Any CPU
		{9F4E1289-EE33-44F3-A837-BC721B13C14D}.Release|Any CPU.Build.0 = Release|Any CPU
		{9F4E1289-EE33-44F3-A837-BC721B13C14D}.Server Side|Any CPU.ActiveCfg = Debug|Any CPU
		{9F4E1289-EE33-44F3-A837-BC721B13C14D}.Server Side|Any CPU.Build.0 = Debug|Any CPU
		{5089CF40-7EAE-41F0-98F4-227C9B5A6807}.Debug|Any CPU.ActiveCfg = Debug|Any CPU
		{5089CF40-7EAE-41F0-98F4-227C9B5A6807}.Debug|Any CPU.Build.0 = Debug|Any CPU
		{5089CF40-7EAE-41F0-98F4-227C9B5A6807}.Release|Any CPU.ActiveCfg = Release|Any CPU
		{5089CF40-7EAE-41F0-98F4-227C9B5A6807}.Release|Any CPU.Build.0 = Release|Any CPU
		{5089CF40-7EAE-41F0-98F4-227C9B5A6807}.Server Side|Any CPU.ActiveCfg = Debug|Any CPU
		{5089CF40-7EAE-41F0-98F4-227C9B5A6807}.Server Side|Any CPU.Build.0 = Debug|Any CPU
		{BB41AA43-B28F-4607-9977-155FDA7A27B3}.Debug|Any CPU.ActiveCfg = Debug|Any CPU
		{BB41AA43-B28F-4607-9977-155FDA7A27B3}.Debug|Any CPU.Build.0 = Debug|Any CPU
		{BB41AA43-B28F-4607-9977-155FDA7A27B3}.Debug|Any CPU.Deploy.0 = Debug|Any CPU
		{BB41AA43-B28F-4607-9977-155FDA7A27B3}.Release|Any CPU.ActiveCfg = Release|Any CPU
		{BB41AA43-B28F-4607-9977-155FDA7A27B3}.Release|Any CPU.Build.0 = Release|Any CPU
		{BB41AA43-B28F-4607-9977-155FDA7A27B3}.Server Side|Any CPU.ActiveCfg = Debug|Any CPU
		{BB41AA43-B28F-4607-9977-155FDA7A27B3}.Server Side|Any CPU.Build.0 = Debug|Any CPU
	EndGlobalSection
	GlobalSection(SolutionProperties) = preSolution
		HideSolutionNode = FALSE
	EndGlobalSection
	GlobalSection(NestedProjects) = preSolution
		{08CC89D5-9D99-4CFC-8BFB-FABC68BA5F20} = {D0F206A6-B5F4-4F0E-A1B9-E3649613197A}
		{8E67A531-A0D8-4C6F-A99B-E4330EB7F119} = {D0F206A6-B5F4-4F0E-A1B9-E3649613197A}
		{C8EC39D7-80E0-4C74-AD83-0B61F2CD4326} = {D0F206A6-B5F4-4F0E-A1B9-E3649613197A}
		{6FFA894D-EE1C-4572-A127-EA3DF0BFBCBD} = {D0F206A6-B5F4-4F0E-A1B9-E3649613197A}
		{D5499DCF-B988-48E2-BB4E-94A00954C662} = {D0F206A6-B5F4-4F0E-A1B9-E3649613197A}
		{958082B0-0EBE-40A1-833C-83A740B0E157} = {D0F206A6-B5F4-4F0E-A1B9-E3649613197A}
		{F96E9B45-D303-4379-81C8-B8209A9B27C0} = {D0F206A6-B5F4-4F0E-A1B9-E3649613197A}
		{6BDDADD4-470D-424F-9962-8BCC05C32A22} = {3AC62F89-8D8D-4EAD-A2FB-213F03BF8BD3}
		{B3436019-15F5-4406-9B9D-65F57FFCDCA3} = {3AC62F89-8D8D-4EAD-A2FB-213F03BF8BD3}
		{9F4E1289-EE33-44F3-A837-BC721B13C14D} = {3AC62F89-8D8D-4EAD-A2FB-213F03BF8BD3}
	EndGlobalSection
	GlobalSection(ExtensibilityGlobals) = postSolution
		SolutionGuid = {E94CAD93-4200-43EB-8F03-A6A82C5FFD80}
	EndGlobalSection
EndGlobal
